
Microsoft Visual Studio Solution File, Format Version 12.00
# Visual Studio Version 17
VisualStudioVersion = 17.2.32630.192
MinimumVisualStudioVersion = 10.0.40219.1
Project("{9A19103F-16F7-4668-BE54-9A1E7A4F7556}") = "G4mvc", "G4mvc\G4mvc.csproj", "{1342D409-F86F-4817-8A1D-85CD2B74CEE8}"
EndProject
Project("{9A19103F-16F7-4668-BE54-9A1E7A4F7556}") = "G4mvc.Generator", "G4mvc.Generator\G4mvc.Generator.csproj", "{526AFCD3-3F8B-4E2F-9A39-4DF9E86D88B3}"
EndProject
Global
	GlobalSection(SolutionConfigurationPlatforms) = preSolution
		Debug|Any CPU = Debug|Any CPU
		Release|Any CPU = Release|Any CPU
	EndGlobalSection
	GlobalSection(ProjectConfigurationPlatforms) = postSolution
		{1342D409-F86F-4817-8A1D-85CD2B74CEE8}.Debug|Any CPU.ActiveCfg = Debug|Any CPU
		{1342D409-F86F-4817-8A1D-85CD2B74CEE8}.Debug|Any CPU.Build.0 = Debug|Any CPU
		{1342D409-F86F-4817-8A1D-85CD2B74CEE8}.Release|Any CPU.ActiveCfg = Release|Any CPU
		{1342D409-F86F-4817-8A1D-85CD2B74CEE8}.Release|Any CPU.Build.0 = Release|Any CPU
		{526AFCD3-3F8B-4E2F-9A39-4DF9E86D88B3}.Debug|Any CPU.ActiveCfg = Debug|Any CPU
		{526AFCD3-3F8B-4E2F-9A39-4DF9E86D88B3}.Debug|Any CPU.Build.0 = Debug|Any CPU
		{526AFCD3-3F8B-4E2F-9A39-4DF9E86D88B3}.Release|Any CPU.ActiveCfg = Release|Any CPU
		{526AFCD3-3F8B-4E2F-9A39-4DF9E86D88B3}.Release|Any CPU.Build.0 = Release|Any CPU
	EndGlobalSection
	GlobalSection(SolutionProperties) = preSolution
		HideSolutionNode = FALSE
	EndGlobalSection
	GlobalSection(ExtensibilityGlobals) = postSolution
		SolutionGuid = {49B484D4-268A-4373-AA7F-181910FCE53B}
	EndGlobalSection
EndGlobal
