
Microsoft Visual Studio Solution File, Format Version 12.00
# Visual Studio Version 17
VisualStudioVersion = 17.2.32630.192
MinimumVisualStudioVersion = 10.0.40219.1
Project("{9A19103F-16F7-4668-BE54-9A1E7A4F7556}") = "G4mvc", "G4mvc\G4mvc.csproj", "{1342D409-F86F-4817-8A1D-85CD2B74CEE8}"
EndProject
Project("{9A19103F-16F7-4668-BE54-9A1E7A4F7556}") = "G4mvc.Generator", "G4mvc.Generator\G4mvc.Generator.csproj", "{526AFCD3-3F8B-4E2F-9A39-4DF9E86D88B3}"
EndProject
Project("{2150E333-8FDC-42A3-9474-1A3956D46DE8}") = "Solution Items", "Solution Items", "{E1CA3970-764A-46E8-B19D-4C11A60A9296}"
	ProjectSection(SolutionItems) = preProject
		README.md = README.md
	EndProjectSection
EndProject
Project("{2150E333-8FDC-42A3-9474-1A3956D46DE8}") = "Tests", "Tests", "{FDE8FF2E-041B-4B56-BF8D-234D96C2246B}"
EndProject
Project("{9A19103F-16F7-4668-BE54-9A1E7A4F7556}") = "G4mvc.Test_5", "Tests\G4mvc.Test_5\G4mvc.Test_5.csproj", "{93797DA0-5762-441F-BBD2-826C2ED2970D}"
EndProject
Project("{9A19103F-16F7-4668-BE54-9A1E7A4F7556}") = "G4mvc.Test_7", "Tests\G4mvc.Test_7\G4mvc.Test_7.csproj", "{17E1DBAA-851D-4373-9D0C-D3F50DF284A5}"
EndProject
Project("{9A19103F-16F7-4668-BE54-9A1E7A4F7556}") = "G4mvc.Test_8", "Tests\G4mvc.Test_8\G4mvc.Test_8.csproj", "{42EDE7A2-3602-4F3F-9851-DE3BFC639FB0}"
EndProject
Project("{9A19103F-16F7-4668-BE54-9A1E7A4F7556}") = "G4mvc.Test_6", "Tests\G4mvc.Test_6\G4mvc.Test_6.csproj", "{2B2F3C24-3176-4376-96DF-DB0CEA52526A}"
EndProject
Global
	GlobalSection(SolutionConfigurationPlatforms) = preSolution
		Debug|Any CPU = Debug|Any CPU
		Release|Any CPU = Release|Any CPU
	EndGlobalSection
	GlobalSection(ProjectConfigurationPlatforms) = postSolution
		{1342D409-F86F-4817-8A1D-85CD2B74CEE8}.Debug|Any CPU.ActiveCfg = Debug|Any CPU
		{1342D409-F86F-4817-8A1D-85CD2B74CEE8}.Debug|Any CPU.Build.0 = Debug|Any CPU
		{1342D409-F86F-4817-8A1D-85CD2B74CEE8}.Release|Any CPU.ActiveCfg = Release|Any CPU
		{1342D409-F86F-4817-8A1D-85CD2B74CEE8}.Release|Any CPU.Build.0 = Release|Any CPU
		{526AFCD3-3F8B-4E2F-9A39-4DF9E86D88B3}.Debug|Any CPU.ActiveCfg = Debug|Any CPU
		{526AFCD3-3F8B-4E2F-9A39-4DF9E86D88B3}.Debug|Any CPU.Build.0 = Debug|Any CPU
		{526AFCD3-3F8B-4E2F-9A39-4DF9E86D88B3}.Release|Any CPU.ActiveCfg = Release|Any CPU
		{526AFCD3-3F8B-4E2F-9A39-4DF9E86D88B3}.Release|Any CPU.Build.0 = Release|Any CPU
		{93797DA0-5762-441F-BBD2-826C2ED2970D}.Debug|Any CPU.ActiveCfg = Debug|Any CPU
		{93797DA0-5762-441F-BBD2-826C2ED2970D}.Debug|Any CPU.Build.0 = Debug|Any CPU
		{93797DA0-5762-441F-BBD2-826C2ED2970D}.Release|Any CPU.ActiveCfg = Release|Any CPU
		{93797DA0-5762-441F-BBD2-826C2ED2970D}.Release|Any CPU.Build.0 = Release|Any CPU
		{17E1DBAA-851D-4373-9D0C-D3F50DF284A5}.Debug|Any CPU.ActiveCfg = Debug|Any CPU
		{17E1DBAA-851D-4373-9D0C-D3F50DF284A5}.Debug|Any CPU.Build.0 = Debug|Any CPU
		{17E1DBAA-851D-4373-9D0C-D3F50DF284A5}.Release|Any CPU.ActiveCfg = Release|Any CPU
		{17E1DBAA-851D-4373-9D0C-D3F50DF284A5}.Release|Any CPU.Build.0 = Release|Any CPU
		{42EDE7A2-3602-4F3F-9851-DE3BFC639FB0}.Debug|Any CPU.ActiveCfg = Debug|Any CPU
		{42EDE7A2-3602-4F3F-9851-DE3BFC639FB0}.Debug|Any CPU.Build.0 = Debug|Any CPU
		{42EDE7A2-3602-4F3F-9851-DE3BFC639FB0}.Release|Any CPU.ActiveCfg = Release|Any CPU
		{42EDE7A2-3602-4F3F-9851-DE3BFC639FB0}.Release|Any CPU.Build.0 = Release|Any CPU
		{2B2F3C24-3176-4376-96DF-DB0CEA52526A}.Debug|Any CPU.ActiveCfg = Debug|Any CPU
		{2B2F3C24-3176-4376-96DF-DB0CEA52526A}.Debug|Any CPU.Build.0 = Debug|Any CPU
		{2B2F3C24-3176-4376-96DF-DB0CEA52526A}.Release|Any CPU.ActiveCfg = Release|Any CPU
		{2B2F3C24-3176-4376-96DF-DB0CEA52526A}.Release|Any CPU.Build.0 = Release|Any CPU
	EndGlobalSection
	GlobalSection(SolutionProperties) = preSolution
		HideSolutionNode = FALSE
	EndGlobalSection
	GlobalSection(NestedProjects) = preSolution
		{93797DA0-5762-441F-BBD2-826C2ED2970D} = {FDE8FF2E-041B-4B56-BF8D-234D96C2246B}
		{17E1DBAA-851D-4373-9D0C-D3F50DF284A5} = {FDE8FF2E-041B-4B56-BF8D-234D96C2246B}
		{42EDE7A2-3602-4F3F-9851-DE3BFC639FB0} = {FDE8FF2E-041B-4B56-BF8D-234D96C2246B}
		{2B2F3C24-3176-4376-96DF-DB0CEA52526A} = {FDE8FF2E-041B-4B56-BF8D-234D96C2246B}
	EndGlobalSection
	GlobalSection(ExtensibilityGlobals) = postSolution
		SolutionGuid = {49B484D4-268A-4373-AA7F-181910FCE53B}
	EndGlobalSection
EndGlobal
